{
  "nodes": {
    "home-manager": {
      "inputs": {
        "nixpkgs": "nixpkgs",
        "utils": "utils"
      },
      "locked": {
        "lastModified": 1673737886,
        "narHash": "sha256-hNTqD0uIgpbtTI2Nuj/Q1lEFOOdZqqXpxoc8rMno2F0=",
        "owner": "nix-community",
        "repo": "home-manager",
        "rev": "2827b5306462d91edec16a3d069b2d6e54c3079f",
        "type": "github"
      },
      "original": {
        "owner": "nix-community",
        "repo": "home-manager",
        "type": "github"
      }
    },
    "nixos-hardware": {
      "locked": {
        "lastModified": 1673803274,
        "narHash": "sha256-zaJDlHFXewT4KUsidMpRcPE+REymGH1Y3Eoc3Pjv4Xs=",
        "owner": "nixos",
        "repo": "nixos-hardware",
        "rev": "7bd6b87b3712e68007823e8dd5c37ee9b114fee3",
        "type": "github"
      },
      "original": {
        "owner": "nixos",
        "repo": "nixos-hardware",
        "type": "github"
      }
    },
    "nixpkgs": {
      "locked": {
        "lastModified": 1671983799,
        "narHash": "sha256-Z2Ro6hFPZHkBqkVXY5/aBUzxi5xizQGvuHQ9+T5B/ks=",
        "owner": "nixos",
        "repo": "nixpkgs",
        "rev": "fad51abd42ca17a60fc1d4cb9382e2d79ae31836",
        "type": "github"
      },
      "original": {
        "owner": "nixos",
        "ref": "nixos-unstable",
        "repo": "nixpkgs",
        "type": "github"
      }
    },
    "nixpkgs_2": {
      "locked": {
        "lastModified": 1673803748,
        "narHash": "sha256-8W/4dYHg+xKcuel3csGTe3NMfil3zVYHHC/GLPUHG8c=",
        "owner": "lostattractor",
        "repo": "nixpkgs",
        "rev": "36f95ca0832a91d79f669067839d599505d67193",
        "type": "github"
      },
      "original": {
        "owner": "lostattractor",
        "ref": "nixos-unstable-custom",
        "repo": "nixpkgs",
        "type": "github"
      }
    },
    "nur": {
      "locked": {
        "lastModified": 1673775971,
        "narHash": "sha256-McSKY6kDbUbLfAQD+bDhBUx5qH6aZSWs0ZKCLkEu8ec=",
        "owner": "nix-community",
        "repo": "NUR",
        "rev": "6d83652c7277244cd36db35b07a79bd773e79a88",
        "type": "github"
      },
      "original": {
        "owner": "nix-community",
        "repo": "NUR",
        "type": "github"
      }
    },
    "root": {
      "inputs": {
        "home-manager": "home-manager",
        "nixos-hardware": "nixos-hardware",
        "nixpkgs": "nixpkgs_2",
        "nur": "nur"
      }
    },
    "utils": {
      "locked": {
        "lastModified": 1667395993,
        "narHash": "sha256-nuEHfE/LcWyuSWnS8t12N1wc105Qtau+/OdUAjtQ0rA=",
        "owner": "numtide",
        "repo": "flake-utils",
        "rev": "5aed5285a952e0b949eb3ba02c12fa4fcfef535f",
        "type": "github"
      },
      "original": {
        "owner": "numtide",
        "repo": "flake-utils",
        "type": "github"
      }
    }
  },
  "root": "root",
  "version": 7
}
