{
  "nodes": {
    "aagl": {
      "inputs": {
        "flake-compat": "flake-compat",
        "nixpkgs": [
          "nixpkgs"
        ]
      },
      "locked": {
        "lastModified": 1711542086,
        "narHash": "sha256-AGOGXPO4hfcc9OVbPQN6iPMkou744AISPjN0FA+3JD4=",
        "owner": "ezKEa",
        "repo": "aagl-gtk-on-nix",
        "rev": "1106c7d7bfb923d5448486bd4715872c48de5b79",
        "type": "github"
      },
      "original": {
        "owner": "ezKEa",
        "repo": "aagl-gtk-on-nix",
        "type": "github"
      }
    },
    "apple-silicon-support": {
      "inputs": {
        "flake-compat": "flake-compat_2",
        "nixpkgs": "nixpkgs",
        "rust-overlay": "rust-overlay"
      },
      "locked": {
        "lastModified": 1711325419,
        "narHash": "sha256-dKZUWMB4py9rhefu1lsrCrwksK4WX/dtW8Ma807KyPA=",
        "owner": "tpwrules",
        "repo": "nixos-apple-silicon",
        "rev": "93e85575f63b32b9996676513d95288fc1c87ca9",
        "type": "github"
      },
      "original": {
        "owner": "tpwrules",
        "repo": "nixos-apple-silicon",
        "type": "github"
      }
    },
    "firefox-gnome-theme": {
      "flake": false,
      "locked": {
        "lastModified": 1711290399,
        "narHash": "sha256-e1xuHAHgeC8EU7cAIa3XfvzgI4Y7rzyTkAt9sBsgrfc=",
        "owner": "rafaelmardojai",
        "repo": "firefox-gnome-theme",
        "rev": "33015314c12190230295cff61ced148e0f7ffe1c",
        "type": "github"
      },
      "original": {
        "owner": "rafaelmardojai",
        "repo": "firefox-gnome-theme",
        "type": "github"
      }
    },
    "flake-compat": {
      "flake": false,
      "locked": {
        "lastModified": 1696426674,
        "narHash": "sha256-kvjfFW7WAETZlt09AgDn1MrtKzP7t90Vf7vypd3OL1U=",
        "owner": "edolstra",
        "repo": "flake-compat",
        "rev": "0f9255e01c2351cc7d116c072cb317785dd33b33",
        "type": "github"
      },
      "original": {
        "owner": "edolstra",
        "repo": "flake-compat",
        "type": "github"
      }
    },
    "flake-compat_2": {
      "locked": {
        "lastModified": 1688025799,
        "narHash": "sha256-ktpB4dRtnksm9F5WawoIkEneh1nrEvuxb5lJFt1iOyw=",
        "owner": "nix-community",
        "repo": "flake-compat",
        "rev": "8bf105319d44f6b9f0d764efa4fdef9f1cc9ba1c",
        "type": "github"
      },
      "original": {
        "owner": "nix-community",
        "repo": "flake-compat",
        "type": "github"
      }
    },
    "flake-utils": {
      "inputs": {
        "systems": "systems"
      },
      "locked": {
        "lastModified": 1685518550,
        "narHash": "sha256-o2d0KcvaXzTrPRIo0kOLV0/QXHhDQ5DTi+OxcjO8xqY=",
        "owner": "numtide",
        "repo": "flake-utils",
        "rev": "a1720a10a6cfe8234c0e93907ffe81be440f4cef",
        "type": "github"
      },
      "original": {
        "owner": "numtide",
        "repo": "flake-utils",
        "type": "github"
      }
    },
    "home-manager": {
      "inputs": {
        "nixpkgs": [
          "nixpkgs"
        ]
      },
      "locked": {
        "lastModified": 1711554349,
        "narHash": "sha256-RypwcWEIFePBI0Hubfj4chanbM/G2yzJzC6wgz+dmS4=",
        "owner": "nix-community",
        "repo": "home-manager",
        "rev": "179f6acaf7c068c7870542cdae72afec9427a5b0",
        "type": "github"
      },
      "original": {
        "owner": "nix-community",
        "repo": "home-manager",
        "type": "github"
      }
    },
    "nixpkgs": {
      "locked": {
        "lastModified": 1711163522,
        "narHash": "sha256-YN/Ciidm+A0fmJPWlHBGvVkcarYWSC+s3NTPk/P+q3c=",
        "owner": "nixos",
        "repo": "nixpkgs",
        "rev": "44d0940ea560dee511026a53f0e2e2cde489b4d4",
        "type": "github"
      },
      "original": {
        "owner": "nixos",
        "repo": "nixpkgs",
        "rev": "44d0940ea560dee511026a53f0e2e2cde489b4d4",
        "type": "github"
      }
    },
    "nixpkgs_2": {
      "locked": {
        "lastModified": 1711483428,
        "narHash": "sha256-QFbfFvHiGW/jDwM1pvcqKKwOnCXywUgPoGxdZDmlwKI=",
        "owner": "nixos",
        "repo": "nixpkgs",
        "rev": "fd84c1ff8937685294342c57a656a7066800d01c",
        "type": "github"
      },
      "original": {
        "owner": "nixos",
        "ref": "nixos-unstable-small",
        "repo": "nixpkgs",
        "type": "github"
      }
    },
    "nixpkgs_3": {
      "locked": {
        "lastModified": 1686020360,
        "narHash": "sha256-Wee7lIlZ6DIZHHLiNxU5KdYZQl0iprENXa/czzI6Cj4=",
        "owner": "NixOS",
        "repo": "nixpkgs",
        "rev": "4729ffac6fd12e26e5a8de002781ffc49b0e94b7",
        "type": "github"
      },
      "original": {
        "owner": "NixOS",
        "ref": "nixos-unstable",
        "repo": "nixpkgs",
        "type": "github"
      }
    },
    "nur": {
      "locked": {
        "lastModified": 1711572337,
        "narHash": "sha256-TxE0aWf7r38VMsqMF0A4Y+bKvO0iH55NeJkKAqlLvzk=",
        "owner": "nix-community",
        "repo": "NUR",
        "rev": "e9553def713796172d23c3c80b30c75ba2e84d6c",
        "type": "github"
      },
      "original": {
        "owner": "nix-community",
        "repo": "NUR",
        "type": "github"
      }
    },
    "root": {
      "inputs": {
        "aagl": "aagl",
        "apple-silicon-support": "apple-silicon-support",
        "firefox-gnome-theme": "firefox-gnome-theme",
        "home-manager": "home-manager",
        "nixpkgs": "nixpkgs_2",
        "nur": "nur",
        "spicetify-nix": "spicetify-nix"
      }
    },
    "rust-overlay": {
      "flake": false,
      "locked": {
        "lastModified": 1686795910,
        "narHash": "sha256-jDa40qRZ0GRQtP9EMZdf+uCbvzuLnJglTUI2JoHfWDc=",
        "owner": "oxalica",
        "repo": "rust-overlay",
        "rev": "5c2b97c0a9bc5217fc3dfb1555aae0fb756d99f9",
        "type": "github"
      },
      "original": {
        "owner": "oxalica",
        "repo": "rust-overlay",
        "type": "github"
      }
    },
    "spicetify-nix": {
      "inputs": {
        "flake-utils": "flake-utils",
        "nixpkgs": "nixpkgs_3"
      },
      "locked": {
        "lastModified": 1704167711,
        "narHash": "sha256-kFDq+kf/Di/P8bq5sUP8pVwRkrSVrABksBjMPmLic3s=",
        "owner": "the-argus",
        "repo": "spicetify-nix",
        "rev": "1325416f951d6a82cfddb1289864ad782e2b87c4",
        "type": "github"
      },
      "original": {
        "owner": "the-argus",
        "repo": "spicetify-nix",
        "type": "github"
      }
    },
    "systems": {
      "locked": {
        "lastModified": 1681028828,
        "narHash": "sha256-Vy1rq5AaRuLzOxct8nz4T6wlgyUR7zLU309k9mBC768=",
        "owner": "nix-systems",
        "repo": "default",
        "rev": "da67096a3b9bf56a91d16901293e51ba5b49a27e",
        "type": "github"
      },
      "original": {
        "owner": "nix-systems",
        "repo": "default",
        "type": "github"
      }
    }
  },
  "root": "root",
  "version": 7
}
